
Microsoft Visual Studio Solution File, Format Version 12.00
# Visual Studio Version 17
VisualStudioVersion = 17.1.32210.238
MinimumVisualStudioVersion = 10.0.40219.1
Project("{FAE04EC0-301F-11D3-BF4B-00C04F79EFBC}") = "OCPClientServerExample", "OCPClientServerExample\OCPClientServerExample.csproj", "{F1FABE83-6F29-4194-9951-9501D706D21D}"
EndProject
Project("{FAE04EC0-301F-11D3-BF4B-00C04F79EFBC}") = "ClientServerExample", "ClientServerExample\ClientServerExample.csproj", "{AE0FFC62-8CFE-446D-A7A1-E355578515FA}"
EndProject
Global
	GlobalSection(SolutionConfigurationPlatforms) = preSolution
		Debug|Any CPU = Debug|Any CPU
		Release|Any CPU = Release|Any CPU
	EndGlobalSection
	GlobalSection(ProjectConfigurationPlatforms) = postSolution
		{F1FABE83-6F29-4194-9951-9501D706D21D}.Debug|Any CPU.ActiveCfg = Debug|Any CPU
		{F1FABE83-6F29-4194-9951-9501D706D21D}.Debug|Any CPU.Build.0 = Debug|Any CPU
		{F1FABE83-6F29-4194-9951-9501D706D21D}.Release|Any CPU.ActiveCfg = Release|Any CPU
		{F1FABE83-6F29-4194-9951-9501D706D21D}.Release|Any CPU.Build.0 = Release|Any CPU
		{AE0FFC62-8CFE-446D-A7A1-E355578515FA}.Debug|Any CPU.ActiveCfg = Debug|Any CPU
		{AE0FFC62-8CFE-446D-A7A1-E355578515FA}.Debug|Any CPU.Build.0 = Debug|Any CPU
		{AE0FFC62-8CFE-446D-A7A1-E355578515FA}.Release|Any CPU.ActiveCfg = Release|Any CPU
		{AE0FFC62-8CFE-446D-A7A1-E355578515FA}.Release|Any CPU.Build.0 = Release|Any CPU
	EndGlobalSection
	GlobalSection(SolutionProperties) = preSolution
		HideSolutionNode = FALSE
	EndGlobalSection
	GlobalSection(ExtensibilityGlobals) = postSolution
		SolutionGuid = {7ACB294D-FDA7-4B3F-A209-00CF7B06C2A0}
	EndGlobalSection
EndGlobal
